
Microsoft Visual Studio Solution File, Format Version 12.00
# Visual Studio 15
VisualStudioVersion = 15.0.28307.779
MinimumVisualStudioVersion = 10.0.40219.1
Project("{FAE04EC0-301F-11D3-BF4B-00C04F79EFBC}") = "OOPLabs", "OOPLabs\OOPLabs.csproj", "{B25DF80F-DC29-4DDB-966A-B26C6D629979}"
EndProject
Project("{2150E333-8FDC-42A3-9474-1A3956D46DE8}") = "Lab1", "Lab1", "{779FD39B-B10E-40E6-8843-1E0CAAFE725A}"
EndProject
Project("{FAE04EC0-301F-11D3-BF4B-00C04F79EFBC}") = "Lab1", "Lab1\Lab1.csproj", "{883440DF-FE43-4B22-AB61-2C3289131EB7}"
EndProject
Global
	GlobalSection(SolutionConfigurationPlatforms) = preSolution
		Debug|Any CPU = Debug|Any CPU
		Release|Any CPU = Release|Any CPU
	EndGlobalSection
	GlobalSection(ProjectConfigurationPlatforms) = postSolution
		{B25DF80F-DC29-4DDB-966A-B26C6D629979}.Debug|Any CPU.ActiveCfg = Debug|Any CPU
		{B25DF80F-DC29-4DDB-966A-B26C6D629979}.Debug|Any CPU.Build.0 = Debug|Any CPU
		{B25DF80F-DC29-4DDB-966A-B26C6D629979}.Release|Any CPU.ActiveCfg = Release|Any CPU
		{B25DF80F-DC29-4DDB-966A-B26C6D629979}.Release|Any CPU.Build.0 = Release|Any CPU
		{883440DF-FE43-4B22-AB61-2C3289131EB7}.Debug|Any CPU.ActiveCfg = Debug|Any CPU
		{883440DF-FE43-4B22-AB61-2C3289131EB7}.Debug|Any CPU.Build.0 = Debug|Any CPU
		{883440DF-FE43-4B22-AB61-2C3289131EB7}.Release|Any CPU.ActiveCfg = Release|Any CPU
		{883440DF-FE43-4B22-AB61-2C3289131EB7}.Release|Any CPU.Build.0 = Release|Any CPU
	EndGlobalSection
	GlobalSection(SolutionProperties) = preSolution
		HideSolutionNode = FALSE
	EndGlobalSection
	GlobalSection(NestedProjects) = preSolution
		{883440DF-FE43-4B22-AB61-2C3289131EB7} = {779FD39B-B10E-40E6-8843-1E0CAAFE725A}
	EndGlobalSection
	GlobalSection(ExtensibilityGlobals) = postSolution
		SolutionGuid = {D8F4BA93-20EB-4645-8B9E-48D545D99A7A}
	EndGlobalSection
EndGlobal
